
Microsoft Visual Studio Solution File, Format Version 12.00
# Visual Studio Version 17
VisualStudioVersion = 17.0.31903.59
MinimumVisualStudioVersion = 10.0.40219.1
Project("{FAE04EC0-301F-11D3-BF4B-00C04F79EFBC}") = "web-api", "web-api\web-api.csproj", "{AAF753E0-C8E1-4C08-9DCB-39FD4242C09B}"
EndProject
Project("{FAE04EC0-301F-11D3-BF4B-00C04F79EFBC}") = "Blazor-app", "Blazor-app\Blazor-app.csproj", "{8B03AA0B-6C18-430E-8950-91505226A7FD}"
EndProject
Project("{FAE04EC0-301F-11D3-BF4B-00C04F79EFBC}") = "shared", "shared\shared.csproj", "{518AB5AF-C268-496D-8B12-3295E3D212AF}"
EndProject
Global
	GlobalSection(SolutionConfigurationPlatforms) = preSolution
		Debug|Any CPU = Debug|Any CPU
		Debug|x64 = Debug|x64
		Debug|x86 = Debug|x86
		Release|Any CPU = Release|Any CPU
		Release|x64 = Release|x64
		Release|x86 = Release|x86
	EndGlobalSection
	GlobalSection(ProjectConfigurationPlatforms) = postSolution
		{AAF753E0-C8E1-4C08-9DCB-39FD4242C09B}.Debug|Any CPU.ActiveCfg = Debug|Any CPU
		{AAF753E0-C8E1-4C08-9DCB-39FD4242C09B}.Debug|Any CPU.Build.0 = Debug|Any CPU
		{AAF753E0-C8E1-4C08-9DCB-39FD4242C09B}.Debug|x64.ActiveCfg = Debug|Any CPU
		{AAF753E0-C8E1-4C08-9DCB-39FD4242C09B}.Debug|x64.Build.0 = Debug|Any CPU
		{AAF753E0-C8E1-4C08-9DCB-39FD4242C09B}.Debug|x86.ActiveCfg = Debug|Any CPU
		{AAF753E0-C8E1-4C08-9DCB-39FD4242C09B}.Debug|x86.Build.0 = Debug|Any CPU
		{AAF753E0-C8E1-4C08-9DCB-39FD4242C09B}.Release|Any CPU.ActiveCfg = Release|Any CPU
		{AAF753E0-C8E1-4C08-9DCB-39FD4242C09B}.Release|Any CPU.Build.0 = Release|Any CPU
		{AAF753E0-C8E1-4C08-9DCB-39FD4242C09B}.Release|x64.ActiveCfg = Release|Any CPU
		{AAF753E0-C8E1-4C08-9DCB-39FD4242C09B}.Release|x64.Build.0 = Release|Any CPU
		{AAF753E0-C8E1-4C08-9DCB-39FD4242C09B}.Release|x86.ActiveCfg = Release|Any CPU
		{AAF753E0-C8E1-4C08-9DCB-39FD4242C09B}.Release|x86.Build.0 = Release|Any CPU
		{8B03AA0B-6C18-430E-8950-91505226A7FD}.Debug|Any CPU.ActiveCfg = Debug|Any CPU
		{8B03AA0B-6C18-430E-8950-91505226A7FD}.Debug|Any CPU.Build.0 = Debug|Any CPU
		{8B03AA0B-6C18-430E-8950-91505226A7FD}.Debug|x64.ActiveCfg = Debug|Any CPU
		{8B03AA0B-6C18-430E-8950-91505226A7FD}.Debug|x64.Build.0 = Debug|Any CPU
		{8B03AA0B-6C18-430E-8950-91505226A7FD}.Debug|x86.ActiveCfg = Debug|Any CPU
		{8B03AA0B-6C18-430E-8950-91505226A7FD}.Debug|x86.Build.0 = Debug|Any CPU
		{8B03AA0B-6C18-430E-8950-91505226A7FD}.Release|Any CPU.ActiveCfg = Release|Any CPU
		{8B03AA0B-6C18-430E-8950-91505226A7FD}.Release|Any CPU.Build.0 = Release|Any CPU
		{8B03AA0B-6C18-430E-8950-91505226A7FD}.Release|x64.ActiveCfg = Release|Any CPU
		{8B03AA0B-6C18-430E-8950-91505226A7FD}.Release|x64.Build.0 = Release|Any CPU
		{8B03AA0B-6C18-430E-8950-91505226A7FD}.Release|x86.ActiveCfg = Release|Any CPU
		{8B03AA0B-6C18-430E-8950-91505226A7FD}.Release|x86.Build.0 = Release|Any CPU
		{518AB5AF-C268-496D-8B12-3295E3D212AF}.Debug|Any CPU.ActiveCfg = Debug|Any CPU
		{518AB5AF-C268-496D-8B12-3295E3D212AF}.Debug|Any CPU.Build.0 = Debug|Any CPU
		{518AB5AF-C268-496D-8B12-3295E3D212AF}.Debug|x64.ActiveCfg = Debug|Any CPU
		{518AB5AF-C268-496D-8B12-3295E3D212AF}.Debug|x64.Build.0 = Debug|Any CPU
		{518AB5AF-C268-496D-8B12-3295E3D212AF}.Debug|x86.ActiveCfg = Debug|Any CPU
		{518AB5AF-C268-496D-8B12-3295E3D212AF}.Debug|x86.Build.0 = Debug|Any CPU
		{518AB5AF-C268-496D-8B12-3295E3D212AF}.Release|Any CPU.ActiveCfg = Release|Any CPU
		{518AB5AF-C268-496D-8B12-3295E3D212AF}.Release|Any CPU.Build.0 = Release|Any CPU
		{518AB5AF-C268-496D-8B12-3295E3D212AF}.Release|x64.ActiveCfg = Release|Any CPU
		{518AB5AF-C268-496D-8B12-3295E3D212AF}.Release|x64.Build.0 = Release|Any CPU
		{518AB5AF-C268-496D-8B12-3295E3D212AF}.Release|x86.ActiveCfg = Release|Any CPU
		{518AB5AF-C268-496D-8B12-3295E3D212AF}.Release|x86.Build.0 = Release|Any CPU
	EndGlobalSection
	GlobalSection(SolutionProperties) = preSolution
		HideSolutionNode = FALSE
	EndGlobalSection
EndGlobal
